
Microsoft Visual Studio Solution File, Format Version 12.00
Project("{FAE04EC0-301F-11D3-BF4B-00C04F79EFBC}") = "LVK.Core", "LVK.Core\LVK.Core.csproj", "{9CBDE988-B78F-44F1-87DE-FB73953E0397}"
EndProject
Project("{FAE04EC0-301F-11D3-BF4B-00C04F79EFBC}") = "LVK.DryIoc", "LVK.DryIoc\LVK.DryIoc.csproj", "{9BC04FFE-95C2-4810-9009-14C9A810EB30}"
EndProject
Project("{FAE04EC0-301F-11D3-BF4B-00C04F79EFBC}") = "ConsoleSandbox", "ConsoleSandbox\ConsoleSandbox.csproj", "{F6B494AE-9CD0-45A5-BAEF-665EEC5DA637}"
EndProject
Project("{FAE04EC0-301F-11D3-BF4B-00C04F79EFBC}") = "LVK.AppCore.Console", "LVK.AppCore.Console\LVK.AppCore.Console.csproj", "{E72D6CEF-B111-434F-AB49-3D9D3D60E88D}"
EndProject
Project("{FAE04EC0-301F-11D3-BF4B-00C04F79EFBC}") = "LVK.AppCore", "LVK.AppCore\LVK.AppCore.csproj", "{E3AC27AD-92D3-4330-8271-F95DEDE7B2B9}"
EndProject
Project("{FAE04EC0-301F-11D3-BF4B-00C04F79EFBC}") = "LVK.Core.Services", "LVK.Core.Services\LVK.Core.Services.csproj", "{A612668F-44F1-4369-875F-54F6C06D400B}"
EndProject
Project("{FAE04EC0-301F-11D3-BF4B-00C04F79EFBC}") = "LVK.Core.Tests", "LVK.Core.Tests\LVK.Core.Tests.csproj", "{98B4E7D0-ABBC-4AAE-BAA1-0ABCD73C0DBB}"
EndProject
Project("{FAE04EC0-301F-11D3-BF4B-00C04F79EFBC}") = "LVK.Core.Services.Tests", "LVK.Core.Services.Tests\LVK.Core.Services.Tests.csproj", "{1938A250-A05F-41D2-A527-5B02B1CACE8B}"
EndProject
Project("{2150E333-8FDC-42A3-9474-1A3956D46DE8}") = "Solution Items", "Solution Items", "{948AB602-9EAA-4EDC-8BCB-D2A9596A5B62}"
ProjectSection(SolutionItems) = preProject
	README.md = README.md
	LICENSE = LICENSE
	.editorconfig = .editorconfig
	.gitattributes = .gitattributes
	.gitignore = .gitignore
	build.bat = build.bat
	project.bat = project.bat
	release.bat = release.bat
	run.bat = run.bat
EndProjectSection
EndProject
Project("{FAE04EC0-301F-11D3-BF4B-00C04F79EFBC}") = "LVK.Net", "LVK.Net\LVK.Net.csproj", "{50ED9450-26B5-4C8E-BD4F-19DFC26073B3}"
EndProject
Project("{FAE04EC0-301F-11D3-BF4B-00C04F79EFBC}") = "LVK.Net.Http", "LVK.Net.Http\LVK.Net.Http.csproj", "{29755D4D-5010-417C-A041-274AA315F5B0}"
EndProject
Project("{FAE04EC0-301F-11D3-BF4B-00C04F79EFBC}") = "LVK.Configuration", "LVK.Configuration\LVK.Configuration.csproj", "{BFF3EEF6-DE18-46B9-B088-E76F89A45802}"
EndProject
Project("{FAE04EC0-301F-11D3-BF4B-00C04F79EFBC}") = "LVK.Logging", "LVK.Logging\LVK.Logging.csproj", "{72AB113E-EBBB-4EA7-99B7-7884748D8AEA}"
EndProject
Project("{FAE04EC0-301F-11D3-BF4B-00C04F79EFBC}") = "LVK.DryIoc.Tests", "LVK.DryIoc.Tests\LVK.DryIoc.Tests.csproj", "{FC8EF8AE-29FC-46CC-916A-EC9721656AAE}"
EndProject
Project("{FAE04EC0-301F-11D3-BF4B-00C04F79EFBC}") = "LVK.Logging.Tests", "LVK.Logging.Tests\LVK.Logging.Tests.csproj", "{E0DA05B8-8B53-4D03-B6E7-90083A45BE3E}"
EndProject
Project("{FAE04EC0-301F-11D3-BF4B-00C04F79EFBC}") = "LVK.Configuration.Tests", "LVK.Configuration.Tests\LVK.Configuration.Tests.csproj", "{9B69693E-5A25-4688-9319-E12970360505}"
EndProject
Project("{FAE04EC0-301F-11D3-BF4B-00C04F79EFBC}") = "LVK.Tests.Framework", "LVK.Tests.Framework\LVK.Tests.Framework.csproj", "{D4169787-C6F8-4DBA-BEB1-D82115F3F47F}"
EndProject
Project("{2150E333-8FDC-42A3-9474-1A3956D46DE8}") = "src", "src", "{0BE3EA12-B77B-40AE-99D1-7EBB9A158E5C}"
EndProject
Project("{2150E333-8FDC-42A3-9474-1A3956D46DE8}") = "tests", "tests", "{BEE78C2B-1920-4AF3-B6AA-8FB81299663A}"
EndProject
Project("{FAE04EC0-301F-11D3-BF4B-00C04F79EFBC}") = "LVK.AppCore.Tests", "LVK.AppCore.Tests\LVK.AppCore.Tests.csproj", "{30AAE914-63B6-445D-888C-E6A11FA1ACD0}"
EndProject
Project("{FAE04EC0-301F-11D3-BF4B-00C04F79EFBC}") = "LVK.AppCore.Console.Tests", "LVK.AppCore.Console.Tests\LVK.AppCore.Console.Tests.csproj", "{13C26C86-1DC5-4591-ABF8-CFA446CB257A}"
EndProject
Project("{FAE04EC0-301F-11D3-BF4B-00C04F79EFBC}") = "LVK.Net.Tests", "LVK.Net.Tests\LVK.Net.Tests.csproj", "{BE5F6B15-3A11-4D18-B84F-84675582BEDB}"
EndProject
Project("{FAE04EC0-301F-11D3-BF4B-00C04F79EFBC}") = "LVK.Net.Http.Tests", "LVK.Net.Http.Tests\LVK.Net.Http.Tests.csproj", "{E9C84DC7-C205-4D43-BB90-E1C300949FEA}"
EndProject
Project("{FAE04EC0-301F-11D3-BF4B-00C04F79EFBC}") = "LVK.Reflection", "LVK.Reflection\LVK.Reflection.csproj", "{B7D00DA4-6C09-44C8-ACC8-7E5844491F68}"
EndProject
Project("{FAE04EC0-301F-11D3-BF4B-00C04F79EFBC}") = "LVK.Reflection.Tests", "LVK.Reflection.Tests\LVK.Reflection.Tests.csproj", "{35BCF0EC-3D43-4B5A-9FAC-5D003608B09E}"
EndProject
Project("{FAE04EC0-301F-11D3-BF4B-00C04F79EFBC}") = "LVK.NodaTime", "LVK.NodaTime\LVK.NodaTime.csproj", "{6B730412-68D8-4847-97EF-1BB0570EEB1A}"
EndProject
Project("{FAE04EC0-301F-11D3-BF4B-00C04F79EFBC}") = "LVK.NodaTime.Tests", "LVK.NodaTime.Tests\LVK.NodaTime.Tests.csproj", "{57CB898D-67B6-4C93-9494-6A898F6C8CDB}"
EndProject
Project("{FAE04EC0-301F-11D3-BF4B-00C04F79EFBC}") = "LVK.Conversion", "LVK.Conversion\LVK.Conversion.csproj", "{1813CE67-CE5C-4366-91FF-C2B4DF0B0EB9}"
EndProject
Project("{FAE04EC0-301F-11D3-BF4B-00C04F79EFBC}") = "LVK.Conversion.Tests", "LVK.Conversion.Tests\LVK.Conversion.Tests.csproj", "{F7C43775-1A58-4944-8BCA-E7D805B200D6}"
EndProject
Project("{FAE04EC0-301F-11D3-BF4B-00C04F79EFBC}") = "LVK.AppCore.Tray", "LVK.AppCore.Tray\LVK.AppCore.Tray.csproj", "{64F99343-BBE5-4273-ABF4-7F32EF77E021}"
EndProject
Project("{FAE04EC0-301F-11D3-BF4B-00C04F79EFBC}") = "LVK.AppCore.Tray.Tests", "LVK.AppCore.Tray.Tests\LVK.AppCore.Tray.Tests.csproj", "{79CB18AE-CABC-439E-A721-B8DB9E1198FE}"
EndProject
Project("{FAE04EC0-301F-11D3-BF4B-00C04F79EFBC}") = "LVK.Persistence", "LVK.Persistence\LVK.Persistence.csproj", "{7762A3EF-F74B-45A1-8F9D-82F871EC4977}"
EndProject
Project("{FAE04EC0-301F-11D3-BF4B-00C04F79EFBC}") = "LVK.Json", "LVK.Json\LVK.Json.csproj", "{6E361F31-795B-4EDC-8CED-C03CD4C5A065}"
EndProject
Project("{FAE04EC0-301F-11D3-BF4B-00C04F79EFBC}") = "LVK.Persistence.Tests", "LVK.Persistence.Tests\LVK.Persistence.Tests.csproj", "{73C11279-795F-403C-8DFA-02EE6F2F4ADC}"
EndProject
Project("{FAE04EC0-301F-11D3-BF4B-00C04F79EFBC}") = "LVK.Json.Tests", "LVK.Json.Tests\LVK.Json.Tests.csproj", "{6FEF893E-F561-4D71-9DEB-CB3380F4820A}"
EndProject
Project("{FAE04EC0-301F-11D3-BF4B-00C04F79EFBC}") = "LVK.Processes", "LVK.Processes\LVK.Processes.csproj", "{01BCDE35-8E54-4F32-A598-DC235BC151E6}"
EndProject
Project("{FAE04EC0-301F-11D3-BF4B-00C04F79EFBC}") = "LVK.Processes.Tests", "LVK.Processes.Tests\LVK.Processes.Tests.csproj", "{3E639EEA-435F-4F58-ACF5-173AEB41E145}"
EndProject
Project("{FAE04EC0-301F-11D3-BF4B-00C04F79EFBC}") = "LVK.WorkQueues", "LVK.WorkQueues\LVK.WorkQueues.csproj", "{6B496D2A-6632-47F5-85F3-DAC040D76D08}"
EndProject
Project("{FAE04EC0-301F-11D3-BF4B-00C04F79EFBC}") = "LVK.WorkQueues.FileBased", "LVK.WorkQueues.FileBased\LVK.WorkQueues.FileBased.csproj", "{CA9368A4-E664-4A1F-BE72-F0CCD5FB8493}"
EndProject
Project("{FAE04EC0-301F-11D3-BF4B-00C04F79EFBC}") = "LVK.AppCore.Web", "LVK.AppCore.Web\LVK.AppCore.Web.csproj", "{221A42AE-DD75-41E4-97A5-ECF8F02625D5}"
EndProject
Global
	GlobalSection(SolutionConfigurationPlatforms) = preSolution
		Debug|Any CPU = Debug|Any CPU
		Release|Any CPU = Release|Any CPU
	EndGlobalSection
	GlobalSection(ProjectConfigurationPlatforms) = postSolution
		{9CBDE988-B78F-44F1-87DE-FB73953E0397}.Debug|Any CPU.ActiveCfg = Debug|Any CPU
		{9CBDE988-B78F-44F1-87DE-FB73953E0397}.Debug|Any CPU.Build.0 = Debug|Any CPU
		{9CBDE988-B78F-44F1-87DE-FB73953E0397}.Release|Any CPU.ActiveCfg = Release|Any CPU
		{9CBDE988-B78F-44F1-87DE-FB73953E0397}.Release|Any CPU.Build.0 = Release|Any CPU
		{9BC04FFE-95C2-4810-9009-14C9A810EB30}.Debug|Any CPU.ActiveCfg = Debug|Any CPU
		{9BC04FFE-95C2-4810-9009-14C9A810EB30}.Debug|Any CPU.Build.0 = Debug|Any CPU
		{9BC04FFE-95C2-4810-9009-14C9A810EB30}.Release|Any CPU.ActiveCfg = Release|Any CPU
		{9BC04FFE-95C2-4810-9009-14C9A810EB30}.Release|Any CPU.Build.0 = Release|Any CPU
		{F6B494AE-9CD0-45A5-BAEF-665EEC5DA637}.Debug|Any CPU.ActiveCfg = Debug|Any CPU
		{F6B494AE-9CD0-45A5-BAEF-665EEC5DA637}.Debug|Any CPU.Build.0 = Debug|Any CPU
		{F6B494AE-9CD0-45A5-BAEF-665EEC5DA637}.Release|Any CPU.ActiveCfg = Release|Any CPU
		{F6B494AE-9CD0-45A5-BAEF-665EEC5DA637}.Release|Any CPU.Build.0 = Release|Any CPU
		{E72D6CEF-B111-434F-AB49-3D9D3D60E88D}.Debug|Any CPU.ActiveCfg = Debug|Any CPU
		{E72D6CEF-B111-434F-AB49-3D9D3D60E88D}.Debug|Any CPU.Build.0 = Debug|Any CPU
		{E72D6CEF-B111-434F-AB49-3D9D3D60E88D}.Release|Any CPU.ActiveCfg = Release|Any CPU
		{E72D6CEF-B111-434F-AB49-3D9D3D60E88D}.Release|Any CPU.Build.0 = Release|Any CPU
		{E3AC27AD-92D3-4330-8271-F95DEDE7B2B9}.Debug|Any CPU.ActiveCfg = Debug|Any CPU
		{E3AC27AD-92D3-4330-8271-F95DEDE7B2B9}.Debug|Any CPU.Build.0 = Debug|Any CPU
		{E3AC27AD-92D3-4330-8271-F95DEDE7B2B9}.Release|Any CPU.ActiveCfg = Release|Any CPU
		{E3AC27AD-92D3-4330-8271-F95DEDE7B2B9}.Release|Any CPU.Build.0 = Release|Any CPU
		{A612668F-44F1-4369-875F-54F6C06D400B}.Debug|Any CPU.ActiveCfg = Debug|Any CPU
		{A612668F-44F1-4369-875F-54F6C06D400B}.Debug|Any CPU.Build.0 = Debug|Any CPU
		{A612668F-44F1-4369-875F-54F6C06D400B}.Release|Any CPU.ActiveCfg = Release|Any CPU
		{A612668F-44F1-4369-875F-54F6C06D400B}.Release|Any CPU.Build.0 = Release|Any CPU
		{98B4E7D0-ABBC-4AAE-BAA1-0ABCD73C0DBB}.Debug|Any CPU.ActiveCfg = Debug|Any CPU
		{98B4E7D0-ABBC-4AAE-BAA1-0ABCD73C0DBB}.Debug|Any CPU.Build.0 = Debug|Any CPU
		{98B4E7D0-ABBC-4AAE-BAA1-0ABCD73C0DBB}.Release|Any CPU.ActiveCfg = Release|Any CPU
		{98B4E7D0-ABBC-4AAE-BAA1-0ABCD73C0DBB}.Release|Any CPU.Build.0 = Release|Any CPU
		{1938A250-A05F-41D2-A527-5B02B1CACE8B}.Debug|Any CPU.ActiveCfg = Debug|Any CPU
		{1938A250-A05F-41D2-A527-5B02B1CACE8B}.Debug|Any CPU.Build.0 = Debug|Any CPU
		{1938A250-A05F-41D2-A527-5B02B1CACE8B}.Release|Any CPU.ActiveCfg = Release|Any CPU
		{1938A250-A05F-41D2-A527-5B02B1CACE8B}.Release|Any CPU.Build.0 = Release|Any CPU
		{50ED9450-26B5-4C8E-BD4F-19DFC26073B3}.Debug|Any CPU.ActiveCfg = Debug|Any CPU
		{50ED9450-26B5-4C8E-BD4F-19DFC26073B3}.Debug|Any CPU.Build.0 = Debug|Any CPU
		{50ED9450-26B5-4C8E-BD4F-19DFC26073B3}.Release|Any CPU.ActiveCfg = Release|Any CPU
		{50ED9450-26B5-4C8E-BD4F-19DFC26073B3}.Release|Any CPU.Build.0 = Release|Any CPU
		{29755D4D-5010-417C-A041-274AA315F5B0}.Debug|Any CPU.ActiveCfg = Debug|Any CPU
		{29755D4D-5010-417C-A041-274AA315F5B0}.Debug|Any CPU.Build.0 = Debug|Any CPU
		{29755D4D-5010-417C-A041-274AA315F5B0}.Release|Any CPU.ActiveCfg = Release|Any CPU
		{29755D4D-5010-417C-A041-274AA315F5B0}.Release|Any CPU.Build.0 = Release|Any CPU
		{BFF3EEF6-DE18-46B9-B088-E76F89A45802}.Debug|Any CPU.ActiveCfg = Debug|Any CPU
		{BFF3EEF6-DE18-46B9-B088-E76F89A45802}.Debug|Any CPU.Build.0 = Debug|Any CPU
		{BFF3EEF6-DE18-46B9-B088-E76F89A45802}.Release|Any CPU.ActiveCfg = Release|Any CPU
		{BFF3EEF6-DE18-46B9-B088-E76F89A45802}.Release|Any CPU.Build.0 = Release|Any CPU
		{72AB113E-EBBB-4EA7-99B7-7884748D8AEA}.Debug|Any CPU.ActiveCfg = Debug|Any CPU
		{72AB113E-EBBB-4EA7-99B7-7884748D8AEA}.Debug|Any CPU.Build.0 = Debug|Any CPU
		{72AB113E-EBBB-4EA7-99B7-7884748D8AEA}.Release|Any CPU.ActiveCfg = Release|Any CPU
		{72AB113E-EBBB-4EA7-99B7-7884748D8AEA}.Release|Any CPU.Build.0 = Release|Any CPU
		{FC8EF8AE-29FC-46CC-916A-EC9721656AAE}.Debug|Any CPU.ActiveCfg = Debug|Any CPU
		{FC8EF8AE-29FC-46CC-916A-EC9721656AAE}.Debug|Any CPU.Build.0 = Debug|Any CPU
		{FC8EF8AE-29FC-46CC-916A-EC9721656AAE}.Release|Any CPU.ActiveCfg = Release|Any CPU
		{FC8EF8AE-29FC-46CC-916A-EC9721656AAE}.Release|Any CPU.Build.0 = Release|Any CPU
		{E0DA05B8-8B53-4D03-B6E7-90083A45BE3E}.Debug|Any CPU.ActiveCfg = Debug|Any CPU
		{E0DA05B8-8B53-4D03-B6E7-90083A45BE3E}.Debug|Any CPU.Build.0 = Debug|Any CPU
		{E0DA05B8-8B53-4D03-B6E7-90083A45BE3E}.Release|Any CPU.ActiveCfg = Release|Any CPU
		{E0DA05B8-8B53-4D03-B6E7-90083A45BE3E}.Release|Any CPU.Build.0 = Release|Any CPU
		{9B69693E-5A25-4688-9319-E12970360505}.Debug|Any CPU.ActiveCfg = Debug|Any CPU
		{9B69693E-5A25-4688-9319-E12970360505}.Debug|Any CPU.Build.0 = Debug|Any CPU
		{9B69693E-5A25-4688-9319-E12970360505}.Release|Any CPU.ActiveCfg = Release|Any CPU
		{9B69693E-5A25-4688-9319-E12970360505}.Release|Any CPU.Build.0 = Release|Any CPU
		{D4169787-C6F8-4DBA-BEB1-D82115F3F47F}.Debug|Any CPU.ActiveCfg = Debug|Any CPU
		{D4169787-C6F8-4DBA-BEB1-D82115F3F47F}.Debug|Any CPU.Build.0 = Debug|Any CPU
		{D4169787-C6F8-4DBA-BEB1-D82115F3F47F}.Release|Any CPU.ActiveCfg = Release|Any CPU
		{D4169787-C6F8-4DBA-BEB1-D82115F3F47F}.Release|Any CPU.Build.0 = Release|Any CPU
		{30AAE914-63B6-445D-888C-E6A11FA1ACD0}.Debug|Any CPU.ActiveCfg = Debug|Any CPU
		{30AAE914-63B6-445D-888C-E6A11FA1ACD0}.Debug|Any CPU.Build.0 = Debug|Any CPU
		{30AAE914-63B6-445D-888C-E6A11FA1ACD0}.Release|Any CPU.ActiveCfg = Release|Any CPU
		{30AAE914-63B6-445D-888C-E6A11FA1ACD0}.Release|Any CPU.Build.0 = Release|Any CPU
		{13C26C86-1DC5-4591-ABF8-CFA446CB257A}.Debug|Any CPU.ActiveCfg = Debug|Any CPU
		{13C26C86-1DC5-4591-ABF8-CFA446CB257A}.Debug|Any CPU.Build.0 = Debug|Any CPU
		{13C26C86-1DC5-4591-ABF8-CFA446CB257A}.Release|Any CPU.ActiveCfg = Release|Any CPU
		{13C26C86-1DC5-4591-ABF8-CFA446CB257A}.Release|Any CPU.Build.0 = Release|Any CPU
		{BE5F6B15-3A11-4D18-B84F-84675582BEDB}.Debug|Any CPU.ActiveCfg = Debug|Any CPU
		{BE5F6B15-3A11-4D18-B84F-84675582BEDB}.Debug|Any CPU.Build.0 = Debug|Any CPU
		{BE5F6B15-3A11-4D18-B84F-84675582BEDB}.Release|Any CPU.ActiveCfg = Release|Any CPU
		{BE5F6B15-3A11-4D18-B84F-84675582BEDB}.Release|Any CPU.Build.0 = Release|Any CPU
		{E9C84DC7-C205-4D43-BB90-E1C300949FEA}.Debug|Any CPU.ActiveCfg = Debug|Any CPU
		{E9C84DC7-C205-4D43-BB90-E1C300949FEA}.Debug|Any CPU.Build.0 = Debug|Any CPU
		{E9C84DC7-C205-4D43-BB90-E1C300949FEA}.Release|Any CPU.ActiveCfg = Release|Any CPU
		{E9C84DC7-C205-4D43-BB90-E1C300949FEA}.Release|Any CPU.Build.0 = Release|Any CPU
		{B7D00DA4-6C09-44C8-ACC8-7E5844491F68}.Debug|Any CPU.ActiveCfg = Debug|Any CPU
		{B7D00DA4-6C09-44C8-ACC8-7E5844491F68}.Debug|Any CPU.Build.0 = Debug|Any CPU
		{B7D00DA4-6C09-44C8-ACC8-7E5844491F68}.Release|Any CPU.ActiveCfg = Release|Any CPU
		{B7D00DA4-6C09-44C8-ACC8-7E5844491F68}.Release|Any CPU.Build.0 = Release|Any CPU
		{35BCF0EC-3D43-4B5A-9FAC-5D003608B09E}.Debug|Any CPU.ActiveCfg = Debug|Any CPU
		{35BCF0EC-3D43-4B5A-9FAC-5D003608B09E}.Debug|Any CPU.Build.0 = Debug|Any CPU
		{35BCF0EC-3D43-4B5A-9FAC-5D003608B09E}.Release|Any CPU.ActiveCfg = Release|Any CPU
		{35BCF0EC-3D43-4B5A-9FAC-5D003608B09E}.Release|Any CPU.Build.0 = Release|Any CPU
		{6B730412-68D8-4847-97EF-1BB0570EEB1A}.Debug|Any CPU.ActiveCfg = Debug|Any CPU
		{6B730412-68D8-4847-97EF-1BB0570EEB1A}.Debug|Any CPU.Build.0 = Debug|Any CPU
		{6B730412-68D8-4847-97EF-1BB0570EEB1A}.Release|Any CPU.ActiveCfg = Release|Any CPU
		{6B730412-68D8-4847-97EF-1BB0570EEB1A}.Release|Any CPU.Build.0 = Release|Any CPU
		{57CB898D-67B6-4C93-9494-6A898F6C8CDB}.Debug|Any CPU.ActiveCfg = Debug|Any CPU
		{57CB898D-67B6-4C93-9494-6A898F6C8CDB}.Debug|Any CPU.Build.0 = Debug|Any CPU
		{57CB898D-67B6-4C93-9494-6A898F6C8CDB}.Release|Any CPU.ActiveCfg = Release|Any CPU
		{57CB898D-67B6-4C93-9494-6A898F6C8CDB}.Release|Any CPU.Build.0 = Release|Any CPU
		{1813CE67-CE5C-4366-91FF-C2B4DF0B0EB9}.Debug|Any CPU.ActiveCfg = Debug|Any CPU
		{1813CE67-CE5C-4366-91FF-C2B4DF0B0EB9}.Debug|Any CPU.Build.0 = Debug|Any CPU
		{1813CE67-CE5C-4366-91FF-C2B4DF0B0EB9}.Release|Any CPU.ActiveCfg = Release|Any CPU
		{1813CE67-CE5C-4366-91FF-C2B4DF0B0EB9}.Release|Any CPU.Build.0 = Release|Any CPU
		{F7C43775-1A58-4944-8BCA-E7D805B200D6}.Debug|Any CPU.ActiveCfg = Debug|Any CPU
		{F7C43775-1A58-4944-8BCA-E7D805B200D6}.Debug|Any CPU.Build.0 = Debug|Any CPU
		{F7C43775-1A58-4944-8BCA-E7D805B200D6}.Release|Any CPU.ActiveCfg = Release|Any CPU
		{F7C43775-1A58-4944-8BCA-E7D805B200D6}.Release|Any CPU.Build.0 = Release|Any CPU
		{64F99343-BBE5-4273-ABF4-7F32EF77E021}.Debug|Any CPU.ActiveCfg = Debug|Any CPU
		{64F99343-BBE5-4273-ABF4-7F32EF77E021}.Debug|Any CPU.Build.0 = Debug|Any CPU
		{64F99343-BBE5-4273-ABF4-7F32EF77E021}.Release|Any CPU.ActiveCfg = Release|Any CPU
		{64F99343-BBE5-4273-ABF4-7F32EF77E021}.Release|Any CPU.Build.0 = Release|Any CPU
		{79CB18AE-CABC-439E-A721-B8DB9E1198FE}.Debug|Any CPU.ActiveCfg = Debug|Any CPU
		{79CB18AE-CABC-439E-A721-B8DB9E1198FE}.Debug|Any CPU.Build.0 = Debug|Any CPU
		{79CB18AE-CABC-439E-A721-B8DB9E1198FE}.Release|Any CPU.ActiveCfg = Release|Any CPU
		{79CB18AE-CABC-439E-A721-B8DB9E1198FE}.Release|Any CPU.Build.0 = Release|Any CPU
		{7762A3EF-F74B-45A1-8F9D-82F871EC4977}.Debug|Any CPU.ActiveCfg = Debug|Any CPU
		{7762A3EF-F74B-45A1-8F9D-82F871EC4977}.Debug|Any CPU.Build.0 = Debug|Any CPU
		{7762A3EF-F74B-45A1-8F9D-82F871EC4977}.Release|Any CPU.ActiveCfg = Release|Any CPU
		{7762A3EF-F74B-45A1-8F9D-82F871EC4977}.Release|Any CPU.Build.0 = Release|Any CPU
		{6E361F31-795B-4EDC-8CED-C03CD4C5A065}.Debug|Any CPU.ActiveCfg = Debug|Any CPU
		{6E361F31-795B-4EDC-8CED-C03CD4C5A065}.Debug|Any CPU.Build.0 = Debug|Any CPU
		{6E361F31-795B-4EDC-8CED-C03CD4C5A065}.Release|Any CPU.ActiveCfg = Release|Any CPU
		{6E361F31-795B-4EDC-8CED-C03CD4C5A065}.Release|Any CPU.Build.0 = Release|Any CPU
		{73C11279-795F-403C-8DFA-02EE6F2F4ADC}.Debug|Any CPU.ActiveCfg = Debug|Any CPU
		{73C11279-795F-403C-8DFA-02EE6F2F4ADC}.Debug|Any CPU.Build.0 = Debug|Any CPU
		{73C11279-795F-403C-8DFA-02EE6F2F4ADC}.Release|Any CPU.ActiveCfg = Release|Any CPU
		{73C11279-795F-403C-8DFA-02EE6F2F4ADC}.Release|Any CPU.Build.0 = Release|Any CPU
		{6FEF893E-F561-4D71-9DEB-CB3380F4820A}.Debug|Any CPU.ActiveCfg = Debug|Any CPU
		{6FEF893E-F561-4D71-9DEB-CB3380F4820A}.Debug|Any CPU.Build.0 = Debug|Any CPU
		{6FEF893E-F561-4D71-9DEB-CB3380F4820A}.Release|Any CPU.ActiveCfg = Release|Any CPU
		{6FEF893E-F561-4D71-9DEB-CB3380F4820A}.Release|Any CPU.Build.0 = Release|Any CPU
		{01BCDE35-8E54-4F32-A598-DC235BC151E6}.Debug|Any CPU.ActiveCfg = Debug|Any CPU
		{01BCDE35-8E54-4F32-A598-DC235BC151E6}.Debug|Any CPU.Build.0 = Debug|Any CPU
		{01BCDE35-8E54-4F32-A598-DC235BC151E6}.Release|Any CPU.ActiveCfg = Release|Any CPU
		{01BCDE35-8E54-4F32-A598-DC235BC151E6}.Release|Any CPU.Build.0 = Release|Any CPU
		{3E639EEA-435F-4F58-ACF5-173AEB41E145}.Debug|Any CPU.ActiveCfg = Debug|Any CPU
		{3E639EEA-435F-4F58-ACF5-173AEB41E145}.Debug|Any CPU.Build.0 = Debug|Any CPU
		{3E639EEA-435F-4F58-ACF5-173AEB41E145}.Release|Any CPU.ActiveCfg = Release|Any CPU
		{3E639EEA-435F-4F58-ACF5-173AEB41E145}.Release|Any CPU.Build.0 = Release|Any CPU
		{6B496D2A-6632-47F5-85F3-DAC040D76D08}.Debug|Any CPU.ActiveCfg = Debug|Any CPU
		{6B496D2A-6632-47F5-85F3-DAC040D76D08}.Debug|Any CPU.Build.0 = Debug|Any CPU
		{6B496D2A-6632-47F5-85F3-DAC040D76D08}.Release|Any CPU.ActiveCfg = Release|Any CPU
		{6B496D2A-6632-47F5-85F3-DAC040D76D08}.Release|Any CPU.Build.0 = Release|Any CPU
		{CA9368A4-E664-4A1F-BE72-F0CCD5FB8493}.Debug|Any CPU.ActiveCfg = Debug|Any CPU
		{CA9368A4-E664-4A1F-BE72-F0CCD5FB8493}.Debug|Any CPU.Build.0 = Debug|Any CPU
		{CA9368A4-E664-4A1F-BE72-F0CCD5FB8493}.Release|Any CPU.ActiveCfg = Release|Any CPU
		{CA9368A4-E664-4A1F-BE72-F0CCD5FB8493}.Release|Any CPU.Build.0 = Release|Any CPU
		{221A42AE-DD75-41E4-97A5-ECF8F02625D5}.Debug|Any CPU.ActiveCfg = Debug|Any CPU
		{221A42AE-DD75-41E4-97A5-ECF8F02625D5}.Debug|Any CPU.Build.0 = Debug|Any CPU
		{221A42AE-DD75-41E4-97A5-ECF8F02625D5}.Release|Any CPU.ActiveCfg = Release|Any CPU
		{221A42AE-DD75-41E4-97A5-ECF8F02625D5}.Release|Any CPU.Build.0 = Release|Any CPU
	EndGlobalSection
	GlobalSection(NestedProjects) = preSolution
		{E3AC27AD-92D3-4330-8271-F95DEDE7B2B9} = {0BE3EA12-B77B-40AE-99D1-7EBB9A158E5C}
		{E72D6CEF-B111-434F-AB49-3D9D3D60E88D} = {0BE3EA12-B77B-40AE-99D1-7EBB9A158E5C}
		{BFF3EEF6-DE18-46B9-B088-E76F89A45802} = {0BE3EA12-B77B-40AE-99D1-7EBB9A158E5C}
		{9CBDE988-B78F-44F1-87DE-FB73953E0397} = {0BE3EA12-B77B-40AE-99D1-7EBB9A158E5C}
		{A612668F-44F1-4369-875F-54F6C06D400B} = {0BE3EA12-B77B-40AE-99D1-7EBB9A158E5C}
		{9BC04FFE-95C2-4810-9009-14C9A810EB30} = {0BE3EA12-B77B-40AE-99D1-7EBB9A158E5C}
		{72AB113E-EBBB-4EA7-99B7-7884748D8AEA} = {0BE3EA12-B77B-40AE-99D1-7EBB9A158E5C}
		{50ED9450-26B5-4C8E-BD4F-19DFC26073B3} = {0BE3EA12-B77B-40AE-99D1-7EBB9A158E5C}
		{29755D4D-5010-417C-A041-274AA315F5B0} = {0BE3EA12-B77B-40AE-99D1-7EBB9A158E5C}
		{9B69693E-5A25-4688-9319-E12970360505} = {BEE78C2B-1920-4AF3-B6AA-8FB81299663A}
		{1938A250-A05F-41D2-A527-5B02B1CACE8B} = {BEE78C2B-1920-4AF3-B6AA-8FB81299663A}
		{98B4E7D0-ABBC-4AAE-BAA1-0ABCD73C0DBB} = {BEE78C2B-1920-4AF3-B6AA-8FB81299663A}
		{E0DA05B8-8B53-4D03-B6E7-90083A45BE3E} = {BEE78C2B-1920-4AF3-B6AA-8FB81299663A}
		{D4169787-C6F8-4DBA-BEB1-D82115F3F47F} = {BEE78C2B-1920-4AF3-B6AA-8FB81299663A}
		{FC8EF8AE-29FC-46CC-916A-EC9721656AAE} = {BEE78C2B-1920-4AF3-B6AA-8FB81299663A}
		{30AAE914-63B6-445D-888C-E6A11FA1ACD0} = {BEE78C2B-1920-4AF3-B6AA-8FB81299663A}
		{13C26C86-1DC5-4591-ABF8-CFA446CB257A} = {BEE78C2B-1920-4AF3-B6AA-8FB81299663A}
		{BE5F6B15-3A11-4D18-B84F-84675582BEDB} = {BEE78C2B-1920-4AF3-B6AA-8FB81299663A}
		{E9C84DC7-C205-4D43-BB90-E1C300949FEA} = {BEE78C2B-1920-4AF3-B6AA-8FB81299663A}
		{B7D00DA4-6C09-44C8-ACC8-7E5844491F68} = {0BE3EA12-B77B-40AE-99D1-7EBB9A158E5C}
		{35BCF0EC-3D43-4B5A-9FAC-5D003608B09E} = {BEE78C2B-1920-4AF3-B6AA-8FB81299663A}
		{6B730412-68D8-4847-97EF-1BB0570EEB1A} = {0BE3EA12-B77B-40AE-99D1-7EBB9A158E5C}
		{57CB898D-67B6-4C93-9494-6A898F6C8CDB} = {BEE78C2B-1920-4AF3-B6AA-8FB81299663A}
		{1813CE67-CE5C-4366-91FF-C2B4DF0B0EB9} = {0BE3EA12-B77B-40AE-99D1-7EBB9A158E5C}
		{F7C43775-1A58-4944-8BCA-E7D805B200D6} = {BEE78C2B-1920-4AF3-B6AA-8FB81299663A}
		{64F99343-BBE5-4273-ABF4-7F32EF77E021} = {0BE3EA12-B77B-40AE-99D1-7EBB9A158E5C}
		{79CB18AE-CABC-439E-A721-B8DB9E1198FE} = {BEE78C2B-1920-4AF3-B6AA-8FB81299663A}
		{7762A3EF-F74B-45A1-8F9D-82F871EC4977} = {0BE3EA12-B77B-40AE-99D1-7EBB9A158E5C}
		{6E361F31-795B-4EDC-8CED-C03CD4C5A065} = {0BE3EA12-B77B-40AE-99D1-7EBB9A158E5C}
		{73C11279-795F-403C-8DFA-02EE6F2F4ADC} = {BEE78C2B-1920-4AF3-B6AA-8FB81299663A}
		{6FEF893E-F561-4D71-9DEB-CB3380F4820A} = {BEE78C2B-1920-4AF3-B6AA-8FB81299663A}
		{01BCDE35-8E54-4F32-A598-DC235BC151E6} = {0BE3EA12-B77B-40AE-99D1-7EBB9A158E5C}
		{3E639EEA-435F-4F58-ACF5-173AEB41E145} = {BEE78C2B-1920-4AF3-B6AA-8FB81299663A}
		{6B496D2A-6632-47F5-85F3-DAC040D76D08} = {0BE3EA12-B77B-40AE-99D1-7EBB9A158E5C}
		{CA9368A4-E664-4A1F-BE72-F0CCD5FB8493} = {0BE3EA12-B77B-40AE-99D1-7EBB9A158E5C}
		{221A42AE-DD75-41E4-97A5-ECF8F02625D5} = {0BE3EA12-B77B-40AE-99D1-7EBB9A158E5C}
	EndGlobalSection
EndGlobal
